// !$*UTF8*$!
{
	archiveVersion = 1;
	classes = {
	};
	objectVersion = 56;
	objects = {

/* Begin PBXBuildFile section */
		1F0F1BC829B4657F0094CB51 /* Pets.storyboard in Resources */ = {isa = PBXBuildFile; fileRef = 1F0F1BC229B4657F0094CB51 /* Pets.storyboard */; };
		1F0F1BC929B4657F0094CB51 /* PetsViewController.swift in Sources */ = {isa = PBXBuildFile; fileRef = 1F0F1BC329B4657F0094CB51 /* PetsViewController.swift */; };
		1F0F1BCA29B4657F0094CB51 /* PetRouter.swift in Sources */ = {isa = PBXBuildFile; fileRef = 1F0F1BC429B4657F0094CB51 /* PetRouter.swift */; };
		1F0F1C3929B4E1CD0094CB51 /* Pets.swift in Sources */ = {isa = PBXBuildFile; fileRef = 1F0F1C3829B4E1CD0094CB51 /* Pets.swift */; };
		1F0F1C4229B4EEA70094CB51 /* PetsListCellView.xib in Resources */ = {isa = PBXBuildFile; fileRef = 1F0F1C4029B4EEA70094CB51 /* PetsListCellView.xib */; };
		1F0F1C4329B4EEA70094CB51 /* PetsListCellView.swift in Sources */ = {isa = PBXBuildFile; fileRef = 1F0F1C4129B4EEA70094CB51 /* PetsListCellView.swift */; };
		1F243AA029B085EB00AFAFBE /* AppDelegate.swift in Sources */ = {isa = PBXBuildFile; fileRef = 1F243A9F29B085EB00AFAFBE /* AppDelegate.swift */; };
		1F243AA229B085EB00AFAFBE /* SceneDelegate.swift in Sources */ = {isa = PBXBuildFile; fileRef = 1F243AA129B085EB00AFAFBE /* SceneDelegate.swift */; };
		1F243AA729B085EB00AFAFBE /* Main.storyboard in Resources */ = {isa = PBXBuildFile; fileRef = 1F243AA529B085EB00AFAFBE /* Main.storyboard */; };
		1F243AA929B085ED00AFAFBE /* Assets.xcassets in Resources */ = {isa = PBXBuildFile; fileRef = 1F243AA829B085ED00AFAFBE /* Assets.xcassets */; };
		1F243AAC29B085ED00AFAFBE /* LaunchScreen.storyboard in Resources */ = {isa = PBXBuildFile; fileRef = 1F243AAA29B085ED00AFAFBE /* LaunchScreen.storyboard */; };
		1F243AB729B085ED00AFAFBE /* Pet_SemataryTests.swift in Sources */ = {isa = PBXBuildFile; fileRef = 1F243AB629B085ED00AFAFBE /* Pet_SemataryTests.swift */; };
		1F243AC129B085ED00AFAFBE /* Pet_SemataryUITests.swift in Sources */ = {isa = PBXBuildFile; fileRef = 1F243AC029B085ED00AFAFBE /* Pet_SemataryUITests.swift */; };
		1F243AC329B085ED00AFAFBE /* Pet_SemataryUITestsLaunchTests.swift in Sources */ = {isa = PBXBuildFile; fileRef = 1F243AC229B085ED00AFAFBE /* Pet_SemataryUITestsLaunchTests.swift */; };
		1F243B1C29B0EBDA00AFAFBE /* pets_list.json in Resources */ = {isa = PBXBuildFile; fileRef = 1F243B1B29B0EBDA00AFAFBE /* pets_list.json */; };
		1F53121C29B8FD2700730018 /* PetsViewModel.swift in Sources */ = {isa = PBXBuildFile; fileRef = 1F53121A29B8FD2700730018 /* PetsViewModel.swift */; };
		1F53122429B9E88600730018 /* Launcher.swift in Sources */ = {isa = PBXBuildFile; fileRef = 1F53122329B9E88600730018 /* Launcher.swift */; };
		1F53122629BA062C00730018 /* AppConfig.swift in Sources */ = {isa = PBXBuildFile; fileRef = 1F53122529BA062C00730018 /* AppConfig.swift */; };
		1F53122D29BA090500730018 /* PetCellViewModel.swift in Sources */ = {isa = PBXBuildFile; fileRef = 1F53122B29BA090500730018 /* PetCellViewModel.swift */; };
		1F53122E29BA090500730018 /* ConfigViewModel.swift in Sources */ = {isa = PBXBuildFile; fileRef = 1F53122C29BA090500730018 /* ConfigViewModel.swift */; };
		1F53123029BA0AD800730018 /* config.json in Resources */ = {isa = PBXBuildFile; fileRef = 1F53122F29BA0AD800730018 /* config.json */; };
		1F53126D29BA231700730018 /* Router+Request.swift in Sources */ = {isa = PBXBuildFile; fileRef = 1F53123329BA231700730018 /* Router+Request.swift */; };
		1F53126E29BA231700730018 /* NSMutableData+Append.swift in Sources */ = {isa = PBXBuildFile; fileRef = 1F53123429BA231700730018 /* NSMutableData+Append.swift */; };
		1F53126F29BA231700730018 /* Router.swift in Sources */ = {isa = PBXBuildFile; fileRef = 1F53123529BA231700730018 /* Router.swift */; };
		1F53127029BA231700730018 /* ImageData.swift in Sources */ = {isa = PBXBuildFile; fileRef = 1F53123629BA231700730018 /* ImageData.swift */; };
		1F53127129BA231700730018 /* NetworkManager.swift in Sources */ = {isa = PBXBuildFile; fileRef = 1F53123829BA231700730018 /* NetworkManager.swift */; };
		1F53127229BA231700730018 /* NetworkMonitor.swift in Sources */ = {isa = PBXBuildFile; fileRef = 1F53123A29BA231700730018 /* NetworkMonitor.swift */; };
		1F53127329BA231700730018 /* ErrorParser.swift in Sources */ = {isa = PBXBuildFile; fileRef = 1F53123C29BA231700730018 /* ErrorParser.swift */; };
		1F53127429BA231700730018 /* ErrorMessage.swift in Sources */ = {isa = PBXBuildFile; fileRef = 1F53123D29BA231700730018 /* ErrorMessage.swift */; };
		1F53127529BA231700730018 /* Errors.swift in Sources */ = {isa = PBXBuildFile; fileRef = 1F53123E29BA231700730018 /* Errors.swift */; };
		1F53127629BA231700730018 /* ConfigService.swift in Sources */ = {isa = PBXBuildFile; fileRef = 1F53124029BA231700730018 /* ConfigService.swift */; };
		1F53127729BA231700730018 /* PetsService.swift in Sources */ = {isa = PBXBuildFile; fileRef = 1F53124129BA231700730018 /* PetsService.swift */; };
		1F53127829BA231700730018 /* Environment.swift in Sources */ = {isa = PBXBuildFile; fileRef = 1F53124329BA231700730018 /* Environment.swift */; };
		1F53127929BA231700730018 /* HTTPHeaderField.swift in Sources */ = {isa = PBXBuildFile; fileRef = 1F53124429BA231700730018 /* HTTPHeaderField.swift */; };
		1F53127A29BA231700730018 /* StatusCode+Helper.swift in Sources */ = {isa = PBXBuildFile; fileRef = 1F53124629BA231700730018 /* StatusCode+Helper.swift */; };
		1F53127B29BA231700730018 /* Date+Ext.swift in Sources */ = {isa = PBXBuildFile; fileRef = 1F53124729BA231700730018 /* Date+Ext.swift */; };
		1F53127C29BA231700730018 /* CustomStringConvertible+Codable.swift in Sources */ = {isa = PBXBuildFile; fileRef = 1F53124829BA231700730018 /* CustomStringConvertible+Codable.swift */; };
		1F53127D29BA231700730018 /* UIView+Ext.swift in Sources */ = {isa = PBXBuildFile; fileRef = 1F53124929BA231700730018 /* UIView+Ext.swift */; };
		1F53127E29BA231700730018 /* UICollectionView+Additions.swift in Sources */ = {isa = PBXBuildFile; fileRef = 1F53124A29BA231700730018 /* UICollectionView+Additions.swift */; };
		1F53127F29BA231700730018 /* HTTPMethod.swift in Sources */ = {isa = PBXBuildFile; fileRef = 1F53124B29BA231700730018 /* HTTPMethod.swift */; };
		1F53128029BA231700730018 /* ImageCache.swift in Sources */ = {isa = PBXBuildFile; fileRef = 1F53124D29BA231700730018 /* ImageCache.swift */; };
		1F53128129BA231700730018 /* SNProgressInnerHUD.swift in Sources */ = {isa = PBXBuildFile; fileRef = 1F53124E29BA231700730018 /* SNProgressInnerHUD.swift */; };
		1F53128229BA231700730018 /* BaseUIViewController.swift in Sources */ = {isa = PBXBuildFile; fileRef = 1F53124F29BA231700730018 /* BaseUIViewController.swift */; };
		1F53128329BA231700730018 /* BaseProtocols.swift in Sources */ = {isa = PBXBuildFile; fileRef = 1F53125029BA231700730018 /* BaseProtocols.swift */; };
		1F53128429BA231700730018 /* UIColor+Ext.swift in Sources */ = {isa = PBXBuildFile; fileRef = 1F53125229BA231700730018 /* UIColor+Ext.swift */; };
		1F53128529BA231700730018 /* Theme.swift in Sources */ = {isa = PBXBuildFile; fileRef = 1F53125329BA231700730018 /* Theme.swift */; };
		1F53128629BA231700730018 /* Poppins-ExtraLight.ttf in Resources */ = {isa = PBXBuildFile; fileRef = 1F53125629BA231700730018 /* Poppins-ExtraLight.ttf */; };
		1F53128729BA231700730018 /* Poppins-ThinItalic.ttf in Resources */ = {isa = PBXBuildFile; fileRef = 1F53125729BA231700730018 /* Poppins-ThinItalic.ttf */; };
		1F53128829BA231700730018 /* Poppins-ExtraLightItalic.ttf in Resources */ = {isa = PBXBuildFile; fileRef = 1F53125829BA231700730018 /* Poppins-ExtraLightItalic.ttf */; };
		1F53128929BA231700730018 /* Poppins-BoldItalic.ttf in Resources */ = {isa = PBXBuildFile; fileRef = 1F53125929BA231700730018 /* Poppins-BoldItalic.ttf */; };
		1F53128A29BA231700730018 /* Poppins-Light.ttf in Resources */ = {isa = PBXBuildFile; fileRef = 1F53125A29BA231700730018 /* Poppins-Light.ttf */; };
		1F53128B29BA231700730018 /* Poppins-Medium.ttf in Resources */ = {isa = PBXBuildFile; fileRef = 1F53125B29BA231700730018 /* Poppins-Medium.ttf */; };
		1F53128C29BA231700730018 /* Poppins-SemiBoldItalic.ttf in Resources */ = {isa = PBXBuildFile; fileRef = 1F53125C29BA231700730018 /* Poppins-SemiBoldItalic.ttf */; };
		1F53128D29BA231700730018 /* Poppins-ExtraBoldItalic.ttf in Resources */ = {isa = PBXBuildFile; fileRef = 1F53125D29BA231700730018 /* Poppins-ExtraBoldItalic.ttf */; };
		1F53128E29BA231700730018 /* Poppins-ExtraBold.ttf in Resources */ = {isa = PBXBuildFile; fileRef = 1F53125E29BA231700730018 /* Poppins-ExtraBold.ttf */; };
		1F53128F29BA231700730018 /* Poppins-BlackItalic.ttf in Resources */ = {isa = PBXBuildFile; fileRef = 1F53125F29BA231700730018 /* Poppins-BlackItalic.ttf */; };
		1F53129029BA231700730018 /* OFL.txt in Resources */ = {isa = PBXBuildFile; fileRef = 1F53126029BA231700730018 /* OFL.txt */; };
		1F53129129BA231700730018 /* Poppins-Regular.ttf in Resources */ = {isa = PBXBuildFile; fileRef = 1F53126129BA231700730018 /* Poppins-Regular.ttf */; };
		1F53129229BA231700730018 /* Poppins-LightItalic.ttf in Resources */ = {isa = PBXBuildFile; fileRef = 1F53126229BA231700730018 /* Poppins-LightItalic.ttf */; };
		1F53129329BA231700730018 /* Poppins-Bold.ttf in Resources */ = {isa = PBXBuildFile; fileRef = 1F53126329BA231700730018 /* Poppins-Bold.ttf */; };
		1F53129429BA231700730018 /* Poppins-Black.ttf in Resources */ = {isa = PBXBuildFile; fileRef = 1F53126429BA231700730018 /* Poppins-Black.ttf */; };
		1F53129529BA231700730018 /* Poppins-Thin.ttf in Resources */ = {isa = PBXBuildFile; fileRef = 1F53126529BA231700730018 /* Poppins-Thin.ttf */; };
		1F53129629BA231700730018 /* Poppins-SemiBold.ttf in Resources */ = {isa = PBXBuildFile; fileRef = 1F53126629BA231700730018 /* Poppins-SemiBold.ttf */; };
		1F53129729BA231700730018 /* Poppins-Italic.ttf in Resources */ = {isa = PBXBuildFile; fileRef = 1F53126729BA231700730018 /* Poppins-Italic.ttf */; };
		1F53129829BA231700730018 /* Poppins-MediumItalic.ttf in Resources */ = {isa = PBXBuildFile; fileRef = 1F53126829BA231700730018 /* Poppins-MediumItalic.ttf */; };
		1F53129929BA231700730018 /* Toast.swift in Sources */ = {isa = PBXBuildFile; fileRef = 1F53126929BA231700730018 /* Toast.swift */; };
		1F53129A29BA231700730018 /* NetworkLogger.swift in Sources */ = {isa = PBXBuildFile; fileRef = 1F53126A29BA231700730018 /* NetworkLogger.swift */; };
		1F53129B29BA231700730018 /* NetworkConstant.swift in Sources */ = {isa = PBXBuildFile; fileRef = 1F53126B29BA231700730018 /* NetworkConstant.swift */; };
		1F53129C29BA231700730018 /* EndPoint.swift in Sources */ = {isa = PBXBuildFile; fileRef = 1F53126C29BA231700730018 /* EndPoint.swift */; };
/* End PBXBuildFile section */

/* Begin PBXContainerItemProxy section */
		1F243AB329B085ED00AFAFBE /* PBXContainerItemProxy */ = {
			isa = PBXContainerItemProxy;
			containerPortal = 1F243A9429B085EB00AFAFBE /* Project object */;
			proxyType = 1;
			remoteGlobalIDString = 1F243A9B29B085EB00AFAFBE;
			remoteInfo = "Pet Sematary";
		};
		1F243ABD29B085ED00AFAFBE /* PBXContainerItemProxy */ = {
			isa = PBXContainerItemProxy;
			containerPortal = 1F243A9429B085EB00AFAFBE /* Project object */;
			proxyType = 1;
			remoteGlobalIDString = 1F243A9B29B085EB00AFAFBE;
			remoteInfo = "Pet Sematary";
		};
/* End PBXContainerItemProxy section */

/* Begin PBXFileReference section */
		1F0F1BC229B4657F0094CB51 /* Pets.storyboard */ = {isa = PBXFileReference; fileEncoding = 4; lastKnownFileType = file.storyboard; path = Pets.storyboard; sourceTree = "<group>"; };
		1F0F1BC329B4657F0094CB51 /* PetsViewController.swift */ = {isa = PBXFileReference; fileEncoding = 4; lastKnownFileType = sourcecode.swift; path = PetsViewController.swift; sourceTree = "<group>"; };
		1F0F1BC429B4657F0094CB51 /* PetRouter.swift */ = {isa = PBXFileReference; fileEncoding = 4; lastKnownFileType = sourcecode.swift; path = PetRouter.swift; sourceTree = "<group>"; };
		1F0F1C3829B4E1CD0094CB51 /* Pets.swift */ = {isa = PBXFileReference; fileEncoding = 4; lastKnownFileType = sourcecode.swift; path = Pets.swift; sourceTree = "<group>"; };
		1F0F1C4029B4EEA70094CB51 /* PetsListCellView.xib */ = {isa = PBXFileReference; fileEncoding = 4; lastKnownFileType = file.xib; path = PetsListCellView.xib; sourceTree = "<group>"; };
		1F0F1C4129B4EEA70094CB51 /* PetsListCellView.swift */ = {isa = PBXFileReference; fileEncoding = 4; lastKnownFileType = sourcecode.swift; path = PetsListCellView.swift; sourceTree = "<group>"; };
		1F243A9C29B085EB00AFAFBE /* Pet Sematary.app */ = {isa = PBXFileReference; explicitFileType = wrapper.application; includeInIndex = 0; path = "Pet Sematary.app"; sourceTree = BUILT_PRODUCTS_DIR; };
		1F243A9F29B085EB00AFAFBE /* AppDelegate.swift */ = {isa = PBXFileReference; lastKnownFileType = sourcecode.swift; path = AppDelegate.swift; sourceTree = "<group>"; };
		1F243AA129B085EB00AFAFBE /* SceneDelegate.swift */ = {isa = PBXFileReference; lastKnownFileType = sourcecode.swift; path = SceneDelegate.swift; sourceTree = "<group>"; };
		1F243AA629B085EB00AFAFBE /* Base */ = {isa = PBXFileReference; lastKnownFileType = file.storyboard; name = Base; path = Base.lproj/Main.storyboard; sourceTree = "<group>"; };
		1F243AA829B085ED00AFAFBE /* Assets.xcassets */ = {isa = PBXFileReference; lastKnownFileType = folder.assetcatalog; path = Assets.xcassets; sourceTree = "<group>"; };
		1F243AAB29B085ED00AFAFBE /* Base */ = {isa = PBXFileReference; lastKnownFileType = file.storyboard; name = Base; path = Base.lproj/LaunchScreen.storyboard; sourceTree = "<group>"; };
		1F243AAD29B085ED00AFAFBE /* Info.plist */ = {isa = PBXFileReference; lastKnownFileType = text.plist.xml; path = Info.plist; sourceTree = "<group>"; };
		1F243AB229B085ED00AFAFBE /* Pet SemataryTests.xctest */ = {isa = PBXFileReference; explicitFileType = wrapper.cfbundle; includeInIndex = 0; path = "Pet SemataryTests.xctest"; sourceTree = BUILT_PRODUCTS_DIR; };
		1F243AB629B085ED00AFAFBE /* Pet_SemataryTests.swift */ = {isa = PBXFileReference; lastKnownFileType = sourcecode.swift; path = Pet_SemataryTests.swift; sourceTree = "<group>"; };
		1F243ABC29B085ED00AFAFBE /* Pet SemataryUITests.xctest */ = {isa = PBXFileReference; explicitFileType = wrapper.cfbundle; includeInIndex = 0; path = "Pet SemataryUITests.xctest"; sourceTree = BUILT_PRODUCTS_DIR; };
		1F243AC029B085ED00AFAFBE /* Pet_SemataryUITests.swift */ = {isa = PBXFileReference; lastKnownFileType = sourcecode.swift; path = Pet_SemataryUITests.swift; sourceTree = "<group>"; };
		1F243AC229B085ED00AFAFBE /* Pet_SemataryUITestsLaunchTests.swift */ = {isa = PBXFileReference; lastKnownFileType = sourcecode.swift; path = Pet_SemataryUITestsLaunchTests.swift; sourceTree = "<group>"; };
		1F243B1B29B0EBDA00AFAFBE /* pets_list.json */ = {isa = PBXFileReference; fileEncoding = 4; lastKnownFileType = text.json; path = pets_list.json; sourceTree = "<group>"; };
		1F53121A29B8FD2700730018 /* PetsViewModel.swift */ = {isa = PBXFileReference; fileEncoding = 4; lastKnownFileType = sourcecode.swift; path = PetsViewModel.swift; sourceTree = "<group>"; };
		1F53122329B9E88600730018 /* Launcher.swift */ = {isa = PBXFileReference; lastKnownFileType = sourcecode.swift; path = Launcher.swift; sourceTree = "<group>"; };
		1F53122529BA062C00730018 /* AppConfig.swift */ = {isa = PBXFileReference; lastKnownFileType = sourcecode.swift; path = AppConfig.swift; sourceTree = "<group>"; };
		1F53122B29BA090500730018 /* PetCellViewModel.swift */ = {isa = PBXFileReference; fileEncoding = 4; lastKnownFileType = sourcecode.swift; path = PetCellViewModel.swift; sourceTree = "<group>"; };
		1F53122C29BA090500730018 /* ConfigViewModel.swift */ = {isa = PBXFileReference; fileEncoding = 4; lastKnownFileType = sourcecode.swift; path = ConfigViewModel.swift; sourceTree = "<group>"; };
		1F53122F29BA0AD800730018 /* config.json */ = {isa = PBXFileReference; fileEncoding = 4; lastKnownFileType = text.json; path = config.json; sourceTree = "<group>"; };
		1F53123329BA231700730018 /* Router+Request.swift */ = {isa = PBXFileReference; fileEncoding = 4; lastKnownFileType = sourcecode.swift; path = "Router+Request.swift"; sourceTree = "<group>"; };
		1F53123429BA231700730018 /* NSMutableData+Append.swift */ = {isa = PBXFileReference; fileEncoding = 4; lastKnownFileType = sourcecode.swift; path = "NSMutableData+Append.swift"; sourceTree = "<group>"; };
		1F53123529BA231700730018 /* Router.swift */ = {isa = PBXFileReference; fileEncoding = 4; lastKnownFileType = sourcecode.swift; path = Router.swift; sourceTree = "<group>"; };
		1F53123629BA231700730018 /* ImageData.swift */ = {isa = PBXFileReference; fileEncoding = 4; lastKnownFileType = sourcecode.swift; path = ImageData.swift; sourceTree = "<group>"; };
		1F53123829BA231700730018 /* NetworkManager.swift */ = {isa = PBXFileReference; fileEncoding = 4; lastKnownFileType = sourcecode.swift; path = NetworkManager.swift; sourceTree = "<group>"; };
		1F53123A29BA231700730018 /* NetworkMonitor.swift */ = {isa = PBXFileReference; fileEncoding = 4; lastKnownFileType = sourcecode.swift; path = NetworkMonitor.swift; sourceTree = "<group>"; };
		1F53123C29BA231700730018 /* ErrorParser.swift */ = {isa = PBXFileReference; fileEncoding = 4; lastKnownFileType = sourcecode.swift; path = ErrorParser.swift; sourceTree = "<group>"; };
		1F53123D29BA231700730018 /* ErrorMessage.swift */ = {isa = PBXFileReference; fileEncoding = 4; lastKnownFileType = sourcecode.swift; path = ErrorMessage.swift; sourceTree = "<group>"; };
		1F53123E29BA231700730018 /* Errors.swift */ = {isa = PBXFileReference; fileEncoding = 4; lastKnownFileType = sourcecode.swift; path = Errors.swift; sourceTree = "<group>"; };
		1F53124029BA231700730018 /* ConfigService.swift */ = {isa = PBXFileReference; fileEncoding = 4; lastKnownFileType = sourcecode.swift; path = ConfigService.swift; sourceTree = "<group>"; };
		1F53124129BA231700730018 /* PetsService.swift */ = {isa = PBXFileReference; fileEncoding = 4; lastKnownFileType = sourcecode.swift; path = PetsService.swift; sourceTree = "<group>"; };
		1F53124329BA231700730018 /* Environment.swift */ = {isa = PBXFileReference; fileEncoding = 4; lastKnownFileType = sourcecode.swift; path = Environment.swift; sourceTree = "<group>"; };
		1F53124429BA231700730018 /* HTTPHeaderField.swift */ = {isa = PBXFileReference; fileEncoding = 4; lastKnownFileType = sourcecode.swift; path = HTTPHeaderField.swift; sourceTree = "<group>"; };
		1F53124629BA231700730018 /* StatusCode+Helper.swift */ = {isa = PBXFileReference; fileEncoding = 4; lastKnownFileType = sourcecode.swift; path = "StatusCode+Helper.swift"; sourceTree = "<group>"; };
		1F53124729BA231700730018 /* Date+Ext.swift */ = {isa = PBXFileReference; fileEncoding = 4; lastKnownFileType = sourcecode.swift; path = "Date+Ext.swift"; sourceTree = "<group>"; };
		1F53124829BA231700730018 /* CustomStringConvertible+Codable.swift */ = {isa = PBXFileReference; fileEncoding = 4; lastKnownFileType = sourcecode.swift; path = "CustomStringConvertible+Codable.swift"; sourceTree = "<group>"; };
		1F53124929BA231700730018 /* UIView+Ext.swift */ = {isa = PBXFileReference; fileEncoding = 4; lastKnownFileType = sourcecode.swift; path = "UIView+Ext.swift"; sourceTree = "<group>"; };
		1F53124A29BA231700730018 /* UICollectionView+Additions.swift */ = {isa = PBXFileReference; fileEncoding = 4; lastKnownFileType = sourcecode.swift; path = "UICollectionView+Additions.swift"; sourceTree = "<group>"; };
		1F53124B29BA231700730018 /* HTTPMethod.swift */ = {isa = PBXFileReference; fileEncoding = 4; lastKnownFileType = sourcecode.swift; path = HTTPMethod.swift; sourceTree = "<group>"; };
		1F53124D29BA231700730018 /* ImageCache.swift */ = {isa = PBXFileReference; fileEncoding = 4; lastKnownFileType = sourcecode.swift; path = ImageCache.swift; sourceTree = "<group>"; };
		1F53124E29BA231700730018 /* SNProgressInnerHUD.swift */ = {isa = PBXFileReference; fileEncoding = 4; lastKnownFileType = sourcecode.swift; path = SNProgressInnerHUD.swift; sourceTree = "<group>"; };
		1F53124F29BA231700730018 /* BaseUIViewController.swift */ = {isa = PBXFileReference; fileEncoding = 4; lastKnownFileType = sourcecode.swift; path = BaseUIViewController.swift; sourceTree = "<group>"; };
		1F53125029BA231700730018 /* BaseProtocols.swift */ = {isa = PBXFileReference; fileEncoding = 4; lastKnownFileType = sourcecode.swift; path = BaseProtocols.swift; sourceTree = "<group>"; };
		1F53125229BA231700730018 /* UIColor+Ext.swift */ = {isa = PBXFileReference; fileEncoding = 4; lastKnownFileType = sourcecode.swift; path = "UIColor+Ext.swift"; sourceTree = "<group>"; };
		1F53125329BA231700730018 /* Theme.swift */ = {isa = PBXFileReference; fileEncoding = 4; lastKnownFileType = sourcecode.swift; path = Theme.swift; sourceTree = "<group>"; };
		1F53125629BA231700730018 /* Poppins-ExtraLight.ttf */ = {isa = PBXFileReference; lastKnownFileType = file; path = "Poppins-ExtraLight.ttf"; sourceTree = "<group>"; };
		1F53125729BA231700730018 /* Poppins-ThinItalic.ttf */ = {isa = PBXFileReference; lastKnownFileType = file; path = "Poppins-ThinItalic.ttf"; sourceTree = "<group>"; };
		1F53125829BA231700730018 /* Poppins-ExtraLightItalic.ttf */ = {isa = PBXFileReference; lastKnownFileType = file; path = "Poppins-ExtraLightItalic.ttf"; sourceTree = "<group>"; };
		1F53125929BA231700730018 /* Poppins-BoldItalic.ttf */ = {isa = PBXFileReference; lastKnownFileType = file; path = "Poppins-BoldItalic.ttf"; sourceTree = "<group>"; };
		1F53125A29BA231700730018 /* Poppins-Light.ttf */ = {isa = PBXFileReference; lastKnownFileType = file; path = "Poppins-Light.ttf"; sourceTree = "<group>"; };
		1F53125B29BA231700730018 /* Poppins-Medium.ttf */ = {isa = PBXFileReference; lastKnownFileType = file; path = "Poppins-Medium.ttf"; sourceTree = "<group>"; };
		1F53125C29BA231700730018 /* Poppins-SemiBoldItalic.ttf */ = {isa = PBXFileReference; lastKnownFileType = file; path = "Poppins-SemiBoldItalic.ttf"; sourceTree = "<group>"; };
		1F53125D29BA231700730018 /* Poppins-ExtraBoldItalic.ttf */ = {isa = PBXFileReference; lastKnownFileType = file; path = "Poppins-ExtraBoldItalic.ttf"; sourceTree = "<group>"; };
		1F53125E29BA231700730018 /* Poppins-ExtraBold.ttf */ = {isa = PBXFileReference; lastKnownFileType = file; path = "Poppins-ExtraBold.ttf"; sourceTree = "<group>"; };
		1F53125F29BA231700730018 /* Poppins-BlackItalic.ttf */ = {isa = PBXFileReference; lastKnownFileType = file; path = "Poppins-BlackItalic.ttf"; sourceTree = "<group>"; };
		1F53126029BA231700730018 /* OFL.txt */ = {isa = PBXFileReference; fileEncoding = 4; lastKnownFileType = text; path = OFL.txt; sourceTree = "<group>"; };
		1F53126129BA231700730018 /* Poppins-Regular.ttf */ = {isa = PBXFileReference; lastKnownFileType = file; path = "Poppins-Regular.ttf"; sourceTree = "<group>"; };
		1F53126229BA231700730018 /* Poppins-LightItalic.ttf */ = {isa = PBXFileReference; lastKnownFileType = file; path = "Poppins-LightItalic.ttf"; sourceTree = "<group>"; };
		1F53126329BA231700730018 /* Poppins-Bold.ttf */ = {isa = PBXFileReference; lastKnownFileType = file; path = "Poppins-Bold.ttf"; sourceTree = "<group>"; };
		1F53126429BA231700730018 /* Poppins-Black.ttf */ = {isa = PBXFileReference; lastKnownFileType = file; path = "Poppins-Black.ttf"; sourceTree = "<group>"; };
		1F53126529BA231700730018 /* Poppins-Thin.ttf */ = {isa = PBXFileReference; lastKnownFileType = file; path = "Poppins-Thin.ttf"; sourceTree = "<group>"; };
		1F53126629BA231700730018 /* Poppins-SemiBold.ttf */ = {isa = PBXFileReference; lastKnownFileType = file; path = "Poppins-SemiBold.ttf"; sourceTree = "<group>"; };
		1F53126729BA231700730018 /* Poppins-Italic.ttf */ = {isa = PBXFileReference; lastKnownFileType = file; path = "Poppins-Italic.ttf"; sourceTree = "<group>"; };
		1F53126829BA231700730018 /* Poppins-MediumItalic.ttf */ = {isa = PBXFileReference; lastKnownFileType = file; path = "Poppins-MediumItalic.ttf"; sourceTree = "<group>"; };
		1F53126929BA231700730018 /* Toast.swift */ = {isa = PBXFileReference; fileEncoding = 4; lastKnownFileType = sourcecode.swift; path = Toast.swift; sourceTree = "<group>"; };
		1F53126A29BA231700730018 /* NetworkLogger.swift */ = {isa = PBXFileReference; fileEncoding = 4; lastKnownFileType = sourcecode.swift; path = NetworkLogger.swift; sourceTree = "<group>"; };
		1F53126B29BA231700730018 /* NetworkConstant.swift */ = {isa = PBXFileReference; fileEncoding = 4; lastKnownFileType = sourcecode.swift; path = NetworkConstant.swift; sourceTree = "<group>"; };
		1F53126C29BA231700730018 /* EndPoint.swift */ = {isa = PBXFileReference; fileEncoding = 4; lastKnownFileType = sourcecode.swift; path = EndPoint.swift; sourceTree = "<group>"; };
/* End PBXFileReference section */

/* Begin PBXFrameworksBuildPhase section */
		1F243A9929B085EB00AFAFBE /* Frameworks */ = {
			isa = PBXFrameworksBuildPhase;
			buildActionMask = 2147483647;
			files = (
			);
			runOnlyForDeploymentPostprocessing = 0;
		};
		1F243AAF29B085ED00AFAFBE /* Frameworks */ = {
			isa = PBXFrameworksBuildPhase;
			buildActionMask = 2147483647;
			files = (
			);
			runOnlyForDeploymentPostprocessing = 0;
		};
		1F243AB929B085ED00AFAFBE /* Frameworks */ = {
			isa = PBXFrameworksBuildPhase;
			buildActionMask = 2147483647;
			files = (
			);
			runOnlyForDeploymentPostprocessing = 0;
		};
/* End PBXFrameworksBuildPhase section */

/* Begin PBXGroup section */
		1F0F1BC129B4657F0094CB51 /* Pets */ = {
			isa = PBXGroup;
			children = (
				1F53121829B8FCE900730018 /* View */,
				1F0F1C3729B4E1CD0094CB51 /* Model */,
				1F53121929B8FD2700730018 /* ViewModel */,
			);
			path = Pets;
			sourceTree = "<group>";
		};
		1F0F1C3729B4E1CD0094CB51 /* Model */ = {
			isa = PBXGroup;
			children = (
				1F0F1C3829B4E1CD0094CB51 /* Pets.swift */,
				1F53122529BA062C00730018 /* AppConfig.swift */,
			);
			path = Model;
			sourceTree = "<group>";
		};
		1F0F1C3F29B4EEA70094CB51 /* Cell */ = {
			isa = PBXGroup;
			children = (
				1F0F1C4029B4EEA70094CB51 /* PetsListCellView.xib */,
				1F0F1C4129B4EEA70094CB51 /* PetsListCellView.swift */,
			);
			path = Cell;
			sourceTree = "<group>";
		};
		1F243A9329B085EB00AFAFBE = {
			isa = PBXGroup;
			children = (
				1F243A9E29B085EB00AFAFBE /* Pet Sematary */,
				1F243AB529B085ED00AFAFBE /* Pet SemataryTests */,
				1F243ABF29B085ED00AFAFBE /* Pet SemataryUITests */,
				1F243A9D29B085EB00AFAFBE /* Products */,
			);
			sourceTree = "<group>";
		};
		1F243A9D29B085EB00AFAFBE /* Products */ = {
			isa = PBXGroup;
			children = (
				1F243A9C29B085EB00AFAFBE /* Pet Sematary.app */,
				1F243AB229B085ED00AFAFBE /* Pet SemataryTests.xctest */,
				1F243ABC29B085ED00AFAFBE /* Pet SemataryUITests.xctest */,
			);
			name = Products;
			sourceTree = "<group>";
		};
		1F243A9E29B085EB00AFAFBE /* Pet Sematary */ = {
			isa = PBXGroup;
			children = (
				1F243B1629B087FE00AFAFBE /* Application */,
				1F53123129BA231700730018 /* Network */,
				1F53124229BA231700730018 /* Utils */,
				1F53121629B8FB9100730018 /* Screen */,
				1F243B1829B09EC300AFAFBE /* Storyboards */,
				1F243B1729B09EB300AFAFBE /* Resources */,
				1F243AAD29B085ED00AFAFBE /* Info.plist */,
			);
			path = "Pet Sematary";
			sourceTree = "<group>";
		};
		1F243AB529B085ED00AFAFBE /* Pet SemataryTests */ = {
			isa = PBXGroup;
			children = (
				1F243AB629B085ED00AFAFBE /* Pet_SemataryTests.swift */,
			);
			path = "Pet SemataryTests";
			sourceTree = "<group>";
		};
		1F243ABF29B085ED00AFAFBE /* Pet SemataryUITests */ = {
			isa = PBXGroup;
			children = (
				1F243AC029B085ED00AFAFBE /* Pet_SemataryUITests.swift */,
				1F243AC229B085ED00AFAFBE /* Pet_SemataryUITestsLaunchTests.swift */,
			);
			path = "Pet SemataryUITests";
			sourceTree = "<group>";
		};
		1F243B1629B087FE00AFAFBE /* Application */ = {
			isa = PBXGroup;
			children = (
				1F243A9F29B085EB00AFAFBE /* AppDelegate.swift */,
				1F243AA129B085EB00AFAFBE /* SceneDelegate.swift */,
				1F53122329B9E88600730018 /* Launcher.swift */,
			);
			path = Application;
			sourceTree = "<group>";
		};
		1F243B1729B09EB300AFAFBE /* Resources */ = {
			isa = PBXGroup;
			children = (
				1F243AA829B085ED00AFAFBE /* Assets.xcassets */,
				1F243B1B29B0EBDA00AFAFBE /* pets_list.json */,
				1F53122F29BA0AD800730018 /* config.json */,
			);
			path = Resources;
			sourceTree = "<group>";
		};
		1F243B1829B09EC300AFAFBE /* Storyboards */ = {
			isa = PBXGroup;
			children = (
				1F243AA529B085EB00AFAFBE /* Main.storyboard */,
				1F243AAA29B085ED00AFAFBE /* LaunchScreen.storyboard */,
			);
			path = Storyboards;
			sourceTree = "<group>";
		};
		1F53121629B8FB9100730018 /* Screen */ = {
			isa = PBXGroup;
			children = (
				1F0F1BC129B4657F0094CB51 /* Pets */,
			);
			path = Screen;
			sourceTree = "<group>";
		};
		1F53121829B8FCE900730018 /* View */ = {
			isa = PBXGroup;
			children = (
				1F0F1BC229B4657F0094CB51 /* Pets.storyboard */,
				1F0F1BC329B4657F0094CB51 /* PetsViewController.swift */,
				1F0F1BC429B4657F0094CB51 /* PetRouter.swift */,
				1F0F1C3F29B4EEA70094CB51 /* Cell */,
			);
			path = View;
			sourceTree = "<group>";
		};
		1F53121929B8FD2700730018 /* ViewModel */ = {
			isa = PBXGroup;
			children = (
				1F53122C29BA090500730018 /* ConfigViewModel.swift */,
				1F53122B29BA090500730018 /* PetCellViewModel.swift */,
				1F53121A29B8FD2700730018 /* PetsViewModel.swift */,
			);
			path = ViewModel;
			sourceTree = "<group>";
		};
		1F53123129BA231700730018 /* Network */ = {
			isa = PBXGroup;
			children = (
				1F53123229BA231700730018 /* Routers */,
				1F53123729BA231700730018 /* NetworkManager */,
				1F53123929BA231700730018 /* NetworkMonitor */,
				1F53123B29BA231700730018 /* NetworkError */,
				1F53123F29BA231700730018 /* Services */,
			);
			path = Network;
			sourceTree = "<group>";
		};
		1F53123229BA231700730018 /* Routers */ = {
			isa = PBXGroup;
			children = (
				1F53123329BA231700730018 /* Router+Request.swift */,
				1F53123429BA231700730018 /* NSMutableData+Append.swift */,
				1F53123529BA231700730018 /* Router.swift */,
				1F53123629BA231700730018 /* ImageData.swift */,
			);
			path = Routers;
			sourceTree = "<group>";
		};
		1F53123729BA231700730018 /* NetworkManager */ = {
			isa = PBXGroup;
			children = (
				1F53123829BA231700730018 /* NetworkManager.swift */,
			);
			path = NetworkManager;
			sourceTree = "<group>";
		};
		1F53123929BA231700730018 /* NetworkMonitor */ = {
			isa = PBXGroup;
			children = (
				1F53123A29BA231700730018 /* NetworkMonitor.swift */,
			);
			path = NetworkMonitor;
			sourceTree = "<group>";
		};
		1F53123B29BA231700730018 /* NetworkError */ = {
			isa = PBXGroup;
			children = (
				1F53123C29BA231700730018 /* ErrorParser.swift */,
				1F53123D29BA231700730018 /* ErrorMessage.swift */,
				1F53123E29BA231700730018 /* Errors.swift */,
			);
			path = NetworkError;
			sourceTree = "<group>";
		};
		1F53123F29BA231700730018 /* Services */ = {
			isa = PBXGroup;
			children = (
				1F53124029BA231700730018 /* ConfigService.swift */,
				1F53124129BA231700730018 /* PetsService.swift */,
			);
			path = Services;
			sourceTree = "<group>";
		};
		1F53124229BA231700730018 /* Utils */ = {
			isa = PBXGroup;
			children = (
				1F53124329BA231700730018 /* Environment.swift */,
				1F53124429BA231700730018 /* HTTPHeaderField.swift */,
				1F53124529BA231700730018 /* Extensions */,
				1F53124B29BA231700730018 /* HTTPMethod.swift */,
				1F53124C29BA231700730018 /* Common */,
				1F53126A29BA231700730018 /* NetworkLogger.swift */,
				1F53126B29BA231700730018 /* NetworkConstant.swift */,
				1F53126C29BA231700730018 /* EndPoint.swift */,
			);
			path = Utils;
			sourceTree = "<group>";
		};
		1F53124529BA231700730018 /* Extensions */ = {
			isa = PBXGroup;
			children = (
				1F53124629BA231700730018 /* StatusCode+Helper.swift */,
				1F53124729BA231700730018 /* Date+Ext.swift */,
				1F53124829BA231700730018 /* CustomStringConvertible+Codable.swift */,
				1F53124929BA231700730018 /* UIView+Ext.swift */,
				1F53124A29BA231700730018 /* UICollectionView+Additions.swift */,
			);
			path = Extensions;
			sourceTree = "<group>";
		};
		1F53124C29BA231700730018 /* Common */ = {
			isa = PBXGroup;
			children = (
				1F53124D29BA231700730018 /* ImageCache.swift */,
				1F53124E29BA231700730018 /* SNProgressInnerHUD.swift */,
				1F53124F29BA231700730018 /* BaseUIViewController.swift */,
				1F53125029BA231700730018 /* BaseProtocols.swift */,
				1F53125129BA231700730018 /* Theme */,
				1F53125429BA231700730018 /* Font */,
				1F53126929BA231700730018 /* Toast.swift */,
			);
			path = Common;
			sourceTree = "<group>";
		};
		1F53125129BA231700730018 /* Theme */ = {
			isa = PBXGroup;
			children = (
				1F53125229BA231700730018 /* UIColor+Ext.swift */,
				1F53125329BA231700730018 /* Theme.swift */,
			);
			path = Theme;
			sourceTree = "<group>";
		};
		1F53125429BA231700730018 /* Font */ = {
			isa = PBXGroup;
			children = (
				1F53125529BA231700730018 /* Poppins */,
			);
			path = Font;
			sourceTree = "<group>";
		};
		1F53125529BA231700730018 /* Poppins */ = {
			isa = PBXGroup;
			children = (
				1F53125629BA231700730018 /* Poppins-ExtraLight.ttf */,
				1F53125729BA231700730018 /* Poppins-ThinItalic.ttf */,
				1F53125829BA231700730018 /* Poppins-ExtraLightItalic.ttf */,
				1F53125929BA231700730018 /* Poppins-BoldItalic.ttf */,
				1F53125A29BA231700730018 /* Poppins-Light.ttf */,
				1F53125B29BA231700730018 /* Poppins-Medium.ttf */,
				1F53125C29BA231700730018 /* Poppins-SemiBoldItalic.ttf */,
				1F53125D29BA231700730018 /* Poppins-ExtraBoldItalic.ttf */,
				1F53125E29BA231700730018 /* Poppins-ExtraBold.ttf */,
				1F53125F29BA231700730018 /* Poppins-BlackItalic.ttf */,
				1F53126029BA231700730018 /* OFL.txt */,
				1F53126129BA231700730018 /* Poppins-Regular.ttf */,
				1F53126229BA231700730018 /* Poppins-LightItalic.ttf */,
				1F53126329BA231700730018 /* Poppins-Bold.ttf */,
				1F53126429BA231700730018 /* Poppins-Black.ttf */,
				1F53126529BA231700730018 /* Poppins-Thin.ttf */,
				1F53126629BA231700730018 /* Poppins-SemiBold.ttf */,
				1F53126729BA231700730018 /* Poppins-Italic.ttf */,
				1F53126829BA231700730018 /* Poppins-MediumItalic.ttf */,
			);
			path = Poppins;
			sourceTree = "<group>";
		};
/* End PBXGroup section */

/* Begin PBXNativeTarget section */
		1F243A9B29B085EB00AFAFBE /* Pet Sematary */ = {
			isa = PBXNativeTarget;
			buildConfigurationList = 1F243AC629B085ED00AFAFBE /* Build configuration list for PBXNativeTarget "Pet Sematary" */;
			buildPhases = (
				1F243A9829B085EB00AFAFBE /* Sources */,
				1F243A9929B085EB00AFAFBE /* Frameworks */,
				1F243A9A29B085EB00AFAFBE /* Resources */,
			);
			buildRules = (
			);
			dependencies = (
			);
			name = "Pet Sematary";
			productName = "Pet Sematary";
			productReference = 1F243A9C29B085EB00AFAFBE /* Pet Sematary.app */;
			productType = "com.apple.product-type.application";
		};
		1F243AB129B085ED00AFAFBE /* Pet SemataryTests */ = {
			isa = PBXNativeTarget;
			buildConfigurationList = 1F243AC929B085ED00AFAFBE /* Build configuration list for PBXNativeTarget "Pet SemataryTests" */;
			buildPhases = (
				1F243AAE29B085ED00AFAFBE /* Sources */,
				1F243AAF29B085ED00AFAFBE /* Frameworks */,
				1F243AB029B085ED00AFAFBE /* Resources */,
			);
			buildRules = (
			);
			dependencies = (
				1F243AB429B085ED00AFAFBE /* PBXTargetDependency */,
			);
			name = "Pet SemataryTests";
			productName = "Pet SemataryTests";
			productReference = 1F243AB229B085ED00AFAFBE /* Pet SemataryTests.xctest */;
			productType = "com.apple.product-type.bundle.unit-test";
		};
		1F243ABB29B085ED00AFAFBE /* Pet SemataryUITests */ = {
			isa = PBXNativeTarget;
			buildConfigurationList = 1F243ACC29B085ED00AFAFBE /* Build configuration list for PBXNativeTarget "Pet SemataryUITests" */;
			buildPhases = (
				1F243AB829B085ED00AFAFBE /* Sources */,
				1F243AB929B085ED00AFAFBE /* Frameworks */,
				1F243ABA29B085ED00AFAFBE /* Resources */,
			);
			buildRules = (
			);
			dependencies = (
				1F243ABE29B085ED00AFAFBE /* PBXTargetDependency */,
			);
			name = "Pet SemataryUITests";
			productName = "Pet SemataryUITests";
			productReference = 1F243ABC29B085ED00AFAFBE /* Pet SemataryUITests.xctest */;
			productType = "com.apple.product-type.bundle.ui-testing";
		};
/* End PBXNativeTarget section */

/* Begin PBXProject section */
		1F243A9429B085EB00AFAFBE /* Project object */ = {
			isa = PBXProject;
			attributes = {
				BuildIndependentTargetsInParallel = 1;
				LastSwiftUpdateCheck = 1420;
				LastUpgradeCheck = 1420;
				TargetAttributes = {
					1F243A9B29B085EB00AFAFBE = {
						CreatedOnToolsVersion = 14.2;
					};
					1F243AB129B085ED00AFAFBE = {
						CreatedOnToolsVersion = 14.2;
						TestTargetID = 1F243A9B29B085EB00AFAFBE;
					};
					1F243ABB29B085ED00AFAFBE = {
						CreatedOnToolsVersion = 14.2;
						TestTargetID = 1F243A9B29B085EB00AFAFBE;
					};
				};
			};
			buildConfigurationList = 1F243A9729B085EB00AFAFBE /* Build configuration list for PBXProject "Pet Sematary" */;
			compatibilityVersion = "Xcode 14.0";
			developmentRegion = en;
			hasScannedForEncodings = 0;
			knownRegions = (
				en,
				Base,
			);
			mainGroup = 1F243A9329B085EB00AFAFBE;
			productRefGroup = 1F243A9D29B085EB00AFAFBE /* Products */;
			projectDirPath = "";
			projectRoot = "";
			targets = (
				1F243A9B29B085EB00AFAFBE /* Pet Sematary */,
				1F243AB129B085ED00AFAFBE /* Pet SemataryTests */,
				1F243ABB29B085ED00AFAFBE /* Pet SemataryUITests */,
			);
		};
/* End PBXProject section */

/* Begin PBXResourcesBuildPhase section */
		1F243A9A29B085EB00AFAFBE /* Resources */ = {
			isa = PBXResourcesBuildPhase;
			buildActionMask = 2147483647;
			files = (
				1F243B1C29B0EBDA00AFAFBE /* pets_list.json in Resources */,
				1F0F1BC829B4657F0094CB51 /* Pets.storyboard in Resources */,
				1F53128829BA231700730018 /* Poppins-ExtraLightItalic.ttf in Resources */,
				1F53128F29BA231700730018 /* Poppins-BlackItalic.ttf in Resources */,
				1F53128C29BA231700730018 /* Poppins-SemiBoldItalic.ttf in Resources */,
				1F53128B29BA231700730018 /* Poppins-Medium.ttf in Resources */,
				1F243AAC29B085ED00AFAFBE /* LaunchScreen.storyboard in Resources */,
				1F53123029BA0AD800730018 /* config.json in Resources */,
				1F53129429BA231700730018 /* Poppins-Black.ttf in Resources */,
				1F53128629BA231700730018 /* Poppins-ExtraLight.ttf in Resources */,
				1F243AA929B085ED00AFAFBE /* Assets.xcassets in Resources */,
				1F53128D29BA231700730018 /* Poppins-ExtraBoldItalic.ttf in Resources */,
				1F53129229BA231700730018 /* Poppins-LightItalic.ttf in Resources */,
				1F53128A29BA231700730018 /* Poppins-Light.ttf in Resources */,
				1F53129029BA231700730018 /* OFL.txt in Resources */,
				1F53129829BA231700730018 /* Poppins-MediumItalic.ttf in Resources */,
				1F53128729BA231700730018 /* Poppins-ThinItalic.ttf in Resources */,
				1F53128E29BA231700730018 /* Poppins-ExtraBold.ttf in Resources */,
				1F53129329BA231700730018 /* Poppins-Bold.ttf in Resources */,
				1F53129729BA231700730018 /* Poppins-Italic.ttf in Resources */,
				1F53128929BA231700730018 /* Poppins-BoldItalic.ttf in Resources */,
				1F53129529BA231700730018 /* Poppins-Thin.ttf in Resources */,
				1F0F1C4229B4EEA70094CB51 /* PetsListCellView.xib in Resources */,
				1F53129629BA231700730018 /* Poppins-SemiBold.ttf in Resources */,
				1F53129129BA231700730018 /* Poppins-Regular.ttf in Resources */,
				1F243AA729B085EB00AFAFBE /* Main.storyboard in Resources */,
			);
			runOnlyForDeploymentPostprocessing = 0;
		};
		1F243AB029B085ED00AFAFBE /* Resources */ = {
			isa = PBXResourcesBuildPhase;
			buildActionMask = 2147483647;
			files = (
			);
			runOnlyForDeploymentPostprocessing = 0;
		};
		1F243ABA29B085ED00AFAFBE /* Resources */ = {
			isa = PBXResourcesBuildPhase;
			buildActionMask = 2147483647;
			files = (
			);
			runOnlyForDeploymentPostprocessing = 0;
		};
/* End PBXResourcesBuildPhase section */

/* Begin PBXSourcesBuildPhase section */
		1F243A9829B085EB00AFAFBE /* Sources */ = {
			isa = PBXSourcesBuildPhase;
			buildActionMask = 2147483647;
			files = (
				1F53129929BA231700730018 /* Toast.swift in Sources */,
				1F53128329BA231700730018 /* BaseProtocols.swift in Sources */,
				1F53129C29BA231700730018 /* EndPoint.swift in Sources */,
				1F0F1BC929B4657F0094CB51 /* PetsViewController.swift in Sources */,
				1F0F1C4329B4EEA70094CB51 /* PetsListCellView.swift in Sources */,
				1F53122D29BA090500730018 /* PetCellViewModel.swift in Sources */,
				1F53128229BA231700730018 /* BaseUIViewController.swift in Sources */,
				1F53127629BA231700730018 /* ConfigService.swift in Sources */,
				1F53127D29BA231700730018 /* UIView+Ext.swift in Sources */,
				1F53128429BA231700730018 /* UIColor+Ext.swift in Sources */,
				1F53127E29BA231700730018 /* UICollectionView+Additions.swift in Sources */,
				1F53128529BA231700730018 /* Theme.swift in Sources */,
				1F53128129BA231700730018 /* SNProgressInnerHUD.swift in Sources */,
				1F0F1BCA29B4657F0094CB51 /* PetRouter.swift in Sources */,
				1F53129B29BA231700730018 /* NetworkConstant.swift in Sources */,
				1F53127129BA231700730018 /* NetworkManager.swift in Sources */,
				1F53127F29BA231700730018 /* HTTPMethod.swift in Sources */,
				1F53126D29BA231700730018 /* Router+Request.swift in Sources */,
				1F53126E29BA231700730018 /* NSMutableData+Append.swift in Sources */,
				1F53122E29BA090500730018 /* ConfigViewModel.swift in Sources */,
				1F53127729BA231700730018 /* PetsService.swift in Sources */,
				1F53127229BA231700730018 /* NetworkMonitor.swift in Sources */,
				1F243AA029B085EB00AFAFBE /* AppDelegate.swift in Sources */,
				1F53127A29BA231700730018 /* StatusCode+Helper.swift in Sources */,
				1F53127029BA231700730018 /* ImageData.swift in Sources */,
				1F53127C29BA231700730018 /* CustomStringConvertible+Codable.swift in Sources */,
				1F53127929BA231700730018 /* HTTPHeaderField.swift in Sources */,
				1F53127B29BA231700730018 /* Date+Ext.swift in Sources */,
				1F53127829BA231700730018 /* Environment.swift in Sources */,
				1F53121C29B8FD2700730018 /* PetsViewModel.swift in Sources */,
				1F53129A29BA231700730018 /* NetworkLogger.swift in Sources */,
				1F53122429B9E88600730018 /* Launcher.swift in Sources */,
				1F53127329BA231700730018 /* ErrorParser.swift in Sources */,
				1F53128029BA231700730018 /* ImageCache.swift in Sources */,
				1F53126F29BA231700730018 /* Router.swift in Sources */,
				1F0F1C3929B4E1CD0094CB51 /* Pets.swift in Sources */,
				1F53127529BA231700730018 /* Errors.swift in Sources */,
				1F53122629BA062C00730018 /* AppConfig.swift in Sources */,
				1F53127429BA231700730018 /* ErrorMessage.swift in Sources */,
				1F243AA229B085EB00AFAFBE /* SceneDelegate.swift in Sources */,
			);
			runOnlyForDeploymentPostprocessing = 0;
		};
		1F243AAE29B085ED00AFAFBE /* Sources */ = {
			isa = PBXSourcesBuildPhase;
			buildActionMask = 2147483647;
			files = (
				1F243AB729B085ED00AFAFBE /* Pet_SemataryTests.swift in Sources */,
			);
			runOnlyForDeploymentPostprocessing = 0;
		};
		1F243AB829B085ED00AFAFBE /* Sources */ = {
			isa = PBXSourcesBuildPhase;
			buildActionMask = 2147483647;
			files = (
				1F243AC329B085ED00AFAFBE /* Pet_SemataryUITestsLaunchTests.swift in Sources */,
				1F243AC129B085ED00AFAFBE /* Pet_SemataryUITests.swift in Sources */,
			);
			runOnlyForDeploymentPostprocessing = 0;
		};
/* End PBXSourcesBuildPhase section */

/* Begin PBXTargetDependency section */
		1F243AB429B085ED00AFAFBE /* PBXTargetDependency */ = {
			isa = PBXTargetDependency;
			target = 1F243A9B29B085EB00AFAFBE /* Pet Sematary */;
			targetProxy = 1F243AB329B085ED00AFAFBE /* PBXContainerItemProxy */;
		};
		1F243ABE29B085ED00AFAFBE /* PBXTargetDependency */ = {
			isa = PBXTargetDependency;
			target = 1F243A9B29B085EB00AFAFBE /* Pet Sematary */;
			targetProxy = 1F243ABD29B085ED00AFAFBE /* PBXContainerItemProxy */;
		};
/* End PBXTargetDependency section */

/* Begin PBXVariantGroup section */
		1F243AA529B085EB00AFAFBE /* Main.storyboard */ = {
			isa = PBXVariantGroup;
			children = (
				1F243AA629B085EB00AFAFBE /* Base */,
			);
			name = Main.storyboard;
			sourceTree = "<group>";
		};
		1F243AAA29B085ED00AFAFBE /* LaunchScreen.storyboard */ = {
			isa = PBXVariantGroup;
			children = (
				1F243AAB29B085ED00AFAFBE /* Base */,
			);
			name = LaunchScreen.storyboard;
			sourceTree = "<group>";
		};
/* End PBXVariantGroup section */

/* Begin XCBuildConfiguration section */
		1F243AC429B085ED00AFAFBE /* Debug */ = {
			isa = XCBuildConfiguration;
			buildSettings = {
				ALWAYS_SEARCH_USER_PATHS = NO;
				CLANG_ANALYZER_NONNULL = YES;
				CLANG_ANALYZER_NUMBER_OBJECT_CONVERSION = YES_AGGRESSIVE;
				CLANG_CXX_LANGUAGE_STANDARD = "gnu++20";
				CLANG_ENABLE_MODULES = YES;
				CLANG_ENABLE_OBJC_ARC = YES;
				CLANG_ENABLE_OBJC_WEAK = YES;
				CLANG_WARN_BLOCK_CAPTURE_AUTORELEASING = YES;
				CLANG_WARN_BOOL_CONVERSION = YES;
				CLANG_WARN_COMMA = YES;
				CLANG_WARN_CONSTANT_CONVERSION = YES;
				CLANG_WARN_DEPRECATED_OBJC_IMPLEMENTATIONS = YES;
				CLANG_WARN_DIRECT_OBJC_ISA_USAGE = YES_ERROR;
				CLANG_WARN_DOCUMENTATION_COMMENTS = YES;
				CLANG_WARN_EMPTY_BODY = YES;
				CLANG_WARN_ENUM_CONVERSION = YES;
				CLANG_WARN_INFINITE_RECURSION = YES;
				CLANG_WARN_INT_CONVERSION = YES;
				CLANG_WARN_NON_LITERAL_NULL_CONVERSION = YES;
				CLANG_WARN_OBJC_IMPLICIT_RETAIN_SELF = YES;
				CLANG_WARN_OBJC_LITERAL_CONVERSION = YES;
				CLANG_WARN_OBJC_ROOT_CLASS = YES_ERROR;
				CLANG_WARN_QUOTED_INCLUDE_IN_FRAMEWORK_HEADER = YES;
				CLANG_WARN_RANGE_LOOP_ANALYSIS = YES;
				CLANG_WARN_STRICT_PROTOTYPES = YES;
				CLANG_WARN_SUSPICIOUS_MOVE = YES;
				CLANG_WARN_UNGUARDED_AVAILABILITY = YES_AGGRESSIVE;
				CLANG_WARN_UNREACHABLE_CODE = YES;
				CLANG_WARN__DUPLICATE_METHOD_MATCH = YES;
				COPY_PHASE_STRIP = NO;
				DEBUG_INFORMATION_FORMAT = dwarf;
				ENABLE_STRICT_OBJC_MSGSEND = YES;
				ENABLE_TESTABILITY = YES;
				GCC_C_LANGUAGE_STANDARD = gnu11;
				GCC_DYNAMIC_NO_PIC = NO;
				GCC_NO_COMMON_BLOCKS = YES;
				GCC_OPTIMIZATION_LEVEL = 0;
				GCC_PREPROCESSOR_DEFINITIONS = (
					"DEBUG=1",
					"$(inherited)",
				);
				GCC_WARN_64_TO_32_BIT_CONVERSION = YES;
				GCC_WARN_ABOUT_RETURN_TYPE = YES_ERROR;
				GCC_WARN_UNDECLARED_SELECTOR = YES;
				GCC_WARN_UNINITIALIZED_AUTOS = YES_AGGRESSIVE;
				GCC_WARN_UNUSED_FUNCTION = YES;
				GCC_WARN_UNUSED_VARIABLE = YES;
				IPHONEOS_DEPLOYMENT_TARGET = 16.2;
				MTL_ENABLE_DEBUG_INFO = INCLUDE_SOURCE;
				MTL_FAST_MATH = YES;
				ONLY_ACTIVE_ARCH = YES;
				SDKROOT = iphoneos;
				SWIFT_ACTIVE_COMPILATION_CONDITIONS = DEBUG;
				SWIFT_OPTIMIZATION_LEVEL = "-Onone";
			};
			name = Debug;
		};
		1F243AC529B085ED00AFAFBE /* Release */ = {
			isa = XCBuildConfiguration;
			buildSettings = {
				ALWAYS_SEARCH_USER_PATHS = NO;
				CLANG_ANALYZER_NONNULL = YES;
				CLANG_ANALYZER_NUMBER_OBJECT_CONVERSION = YES_AGGRESSIVE;
				CLANG_CXX_LANGUAGE_STANDARD = "gnu++20";
				CLANG_ENABLE_MODULES = YES;
				CLANG_ENABLE_OBJC_ARC = YES;
				CLANG_ENABLE_OBJC_WEAK = YES;
				CLANG_WARN_BLOCK_CAPTURE_AUTORELEASING = YES;
				CLANG_WARN_BOOL_CONVERSION = YES;
				CLANG_WARN_COMMA = YES;
				CLANG_WARN_CONSTANT_CONVERSION = YES;
				CLANG_WARN_DEPRECATED_OBJC_IMPLEMENTATIONS = YES;
				CLANG_WARN_DIRECT_OBJC_ISA_USAGE = YES_ERROR;
				CLANG_WARN_DOCUMENTATION_COMMENTS = YES;
				CLANG_WARN_EMPTY_BODY = YES;
				CLANG_WARN_ENUM_CONVERSION = YES;
				CLANG_WARN_INFINITE_RECURSION = YES;
				CLANG_WARN_INT_CONVERSION = YES;
				CLANG_WARN_NON_LITERAL_NULL_CONVERSION = YES;
				CLANG_WARN_OBJC_IMPLICIT_RETAIN_SELF = YES;
				CLANG_WARN_OBJC_LITERAL_CONVERSION = YES;
				CLANG_WARN_OBJC_ROOT_CLASS = YES_ERROR;
				CLANG_WARN_QUOTED_INCLUDE_IN_FRAMEWORK_HEADER = YES;
				CLANG_WARN_RANGE_LOOP_ANALYSIS = YES;
				CLANG_WARN_STRICT_PROTOTYPES = YES;
				CLANG_WARN_SUSPICIOUS_MOVE = YES;
				CLANG_WARN_UNGUARDED_AVAILABILITY = YES_AGGRESSIVE;
				CLANG_WARN_UNREACHABLE_CODE = YES;
				CLANG_WARN__DUPLICATE_METHOD_MATCH = YES;
				COPY_PHASE_STRIP = NO;
				DEBUG_INFORMATION_FORMAT = "dwarf-with-dsym";
				ENABLE_NS_ASSERTIONS = NO;
				ENABLE_STRICT_OBJC_MSGSEND = YES;
				GCC_C_LANGUAGE_STANDARD = gnu11;
				GCC_NO_COMMON_BLOCKS = YES;
				GCC_WARN_64_TO_32_BIT_CONVERSION = YES;
				GCC_WARN_ABOUT_RETURN_TYPE = YES_ERROR;
				GCC_WARN_UNDECLARED_SELECTOR = YES;
				GCC_WARN_UNINITIALIZED_AUTOS = YES_AGGRESSIVE;
				GCC_WARN_UNUSED_FUNCTION = YES;
				GCC_WARN_UNUSED_VARIABLE = YES;
				IPHONEOS_DEPLOYMENT_TARGET = 16.2;
				MTL_ENABLE_DEBUG_INFO = NO;
				MTL_FAST_MATH = YES;
				SDKROOT = iphoneos;
				SWIFT_COMPILATION_MODE = wholemodule;
				SWIFT_OPTIMIZATION_LEVEL = "-O";
				VALIDATE_PRODUCT = YES;
			};
			name = Release;
		};
		1F243AC729B085ED00AFAFBE /* Debug */ = {
			isa = XCBuildConfiguration;
			buildSettings = {
				ASSETCATALOG_COMPILER_APPICON_NAME = AppIcon;
				ASSETCATALOG_COMPILER_GLOBAL_ACCENT_COLOR_NAME = AccentColor;
				CODE_SIGN_STYLE = Automatic;
				CURRENT_PROJECT_VERSION = 1;
				GENERATE_INFOPLIST_FILE = YES;
				INFOPLIST_FILE = "Pet Sematary/Info.plist";
				INFOPLIST_KEY_UIApplicationSupportsIndirectInputEvents = YES;
				INFOPLIST_KEY_UILaunchStoryboardName = Pets.storyboard;
				INFOPLIST_KEY_UIMainStoryboardFile = Main;
				INFOPLIST_KEY_UISupportedInterfaceOrientations_iPad = "UIInterfaceOrientationPortrait UIInterfaceOrientationPortraitUpsideDown UIInterfaceOrientationLandscapeLeft UIInterfaceOrientationLandscapeRight";
				INFOPLIST_KEY_UISupportedInterfaceOrientations_iPhone = "UIInterfaceOrientationPortrait UIInterfaceOrientationLandscapeLeft UIInterfaceOrientationLandscapeRight";
				LD_RUNPATH_SEARCH_PATHS = (
					"$(inherited)",
					"@executable_path/Frameworks",
				);
				MARKETING_VERSION = 1.0;
				PRODUCT_BUNDLE_IDENTIFIER = "kartik.Pet-Sematary";
				PRODUCT_NAME = "$(TARGET_NAME)";
				SWIFT_EMIT_LOC_STRINGS = YES;
				SWIFT_VERSION = 5.0;
				TARGETED_DEVICE_FAMILY = "1,2";
			};
			name = Debug;
		};
		1F243AC829B085ED00AFAFBE /* Release */ = {
			isa = XCBuildConfiguration;
			buildSettings = {
				ASSETCATALOG_COMPILER_APPICON_NAME = AppIcon;
				ASSETCATALOG_COMPILER_GLOBAL_ACCENT_COLOR_NAME = AccentColor;
				CODE_SIGN_STYLE = Automatic;
				CURRENT_PROJECT_VERSION = 1;
				GENERATE_INFOPLIST_FILE = YES;
				INFOPLIST_FILE = "Pet Sematary/Info.plist";
				INFOPLIST_KEY_UIApplicationSupportsIndirectInputEvents = YES;
				INFOPLIST_KEY_UILaunchStoryboardName = Pets.storyboard;
				INFOPLIST_KEY_UIMainStoryboardFile = Main;
				INFOPLIST_KEY_UISupportedInterfaceOrientations_iPad = "UIInterfaceOrientationPortrait UIInterfaceOrientationPortraitUpsideDown UIInterfaceOrientationLandscapeLeft UIInterfaceOrientationLandscapeRight";
				INFOPLIST_KEY_UISupportedInterfaceOrientations_iPhone = "UIInterfaceOrientationPortrait UIInterfaceOrientationLandscapeLeft UIInterfaceOrientationLandscapeRight";
				LD_RUNPATH_SEARCH_PATHS = (
					"$(inherited)",
					"@executable_path/Frameworks",
				);
				MARKETING_VERSION = 1.0;
				PRODUCT_BUNDLE_IDENTIFIER = "kartik.Pet-Sematary";
				PRODUCT_NAME = "$(TARGET_NAME)";
				SWIFT_EMIT_LOC_STRINGS = YES;
				SWIFT_VERSION = 5.0;
				TARGETED_DEVICE_FAMILY = "1,2";
			};
			name = Release;
		};
		1F243ACA29B085ED00AFAFBE /* Debug */ = {
			isa = XCBuildConfiguration;
			buildSettings = {
				ALWAYS_EMBED_SWIFT_STANDARD_LIBRARIES = YES;
				BUNDLE_LOADER = "$(TEST_HOST)";
				CODE_SIGN_STYLE = Automatic;
				CURRENT_PROJECT_VERSION = 1;
				GENERATE_INFOPLIST_FILE = YES;
				IPHONEOS_DEPLOYMENT_TARGET = 16.2;
				MARKETING_VERSION = 1.0;
				PRODUCT_BUNDLE_IDENTIFIER = "kartik.Pet-SemataryTests";
				PRODUCT_NAME = "$(TARGET_NAME)";
				SWIFT_EMIT_LOC_STRINGS = NO;
				SWIFT_VERSION = 5.0;
				TARGETED_DEVICE_FAMILY = "1,2";
				TEST_HOST = "$(BUILT_PRODUCTS_DIR)/Pet Sematary.app/$(BUNDLE_EXECUTABLE_FOLDER_PATH)/Pet Sematary";
			};
			name = Debug;
		};
		1F243ACB29B085ED00AFAFBE /* Release */ = {
			isa = XCBuildConfiguration;
			buildSettings = {
				ALWAYS_EMBED_SWIFT_STANDARD_LIBRARIES = YES;
				BUNDLE_LOADER = "$(TEST_HOST)";
				CODE_SIGN_STYLE = Automatic;
				CURRENT_PROJECT_VERSION = 1;
				GENERATE_INFOPLIST_FILE = YES;
				IPHONEOS_DEPLOYMENT_TARGET = 16.2;
				MARKETING_VERSION = 1.0;
				PRODUCT_BUNDLE_IDENTIFIER = "kartik.Pet-SemataryTests";
				PRODUCT_NAME = "$(TARGET_NAME)";
				SWIFT_EMIT_LOC_STRINGS = NO;
				SWIFT_VERSION = 5.0;
				TARGETED_DEVICE_FAMILY = "1,2";
				TEST_HOST = "$(BUILT_PRODUCTS_DIR)/Pet Sematary.app/$(BUNDLE_EXECUTABLE_FOLDER_PATH)/Pet Sematary";
			};
			name = Release;
		};
		1F243ACD29B085ED00AFAFBE /* Debug */ = {
			isa = XCBuildConfiguration;
			buildSettings = {
				ALWAYS_EMBED_SWIFT_STANDARD_LIBRARIES = YES;
				CODE_SIGN_STYLE = Automatic;
				CURRENT_PROJECT_VERSION = 1;
				GENERATE_INFOPLIST_FILE = YES;
				MARKETING_VERSION = 1.0;
				PRODUCT_BUNDLE_IDENTIFIER = "kartik.Pet-SemataryUITests";
				PRODUCT_NAME = "$(TARGET_NAME)";
				SWIFT_EMIT_LOC_STRINGS = NO;
				SWIFT_VERSION = 5.0;
				TARGETED_DEVICE_FAMILY = "1,2";
				TEST_TARGET_NAME = "Pet Sematary";
			};
			name = Debug;
		};
		1F243ACE29B085ED00AFAFBE /* Release */ = {
			isa = XCBuildConfiguration;
			buildSettings = {
				ALWAYS_EMBED_SWIFT_STANDARD_LIBRARIES = YES;
				CODE_SIGN_STYLE = Automatic;
				CURRENT_PROJECT_VERSION = 1;
				GENERATE_INFOPLIST_FILE = YES;
				MARKETING_VERSION = 1.0;
				PRODUCT_BUNDLE_IDENTIFIER = "kartik.Pet-SemataryUITests";
				PRODUCT_NAME = "$(TARGET_NAME)";
				SWIFT_EMIT_LOC_STRINGS = NO;
				SWIFT_VERSION = 5.0;
				TARGETED_DEVICE_FAMILY = "1,2";
				TEST_TARGET_NAME = "Pet Sematary";
			};
			name = Release;
		};
/* End XCBuildConfiguration section */

/* Begin XCConfigurationList section */
		1F243A9729B085EB00AFAFBE /* Build configuration list for PBXProject "Pet Sematary" */ = {
			isa = XCConfigurationList;
			buildConfigurations = (
				1F243AC429B085ED00AFAFBE /* Debug */,
				1F243AC529B085ED00AFAFBE /* Release */,
			);
			defaultConfigurationIsVisible = 0;
			defaultConfigurationName = Release;
		};
		1F243AC629B085ED00AFAFBE /* Build configuration list for PBXNativeTarget "Pet Sematary" */ = {
			isa = XCConfigurationList;
			buildConfigurations = (
				1F243AC729B085ED00AFAFBE /* Debug */,
				1F243AC829B085ED00AFAFBE /* Release */,
			);
			defaultConfigurationIsVisible = 0;
			defaultConfigurationName = Release;
		};
		1F243AC929B085ED00AFAFBE /* Build configuration list for PBXNativeTarget "Pet SemataryTests" */ = {
			isa = XCConfigurationList;
			buildConfigurations = (
				1F243ACA29B085ED00AFAFBE /* Debug */,
				1F243ACB29B085ED00AFAFBE /* Release */,
			);
			defaultConfigurationIsVisible = 0;
			defaultConfigurationName = Release;
		};
		1F243ACC29B085ED00AFAFBE /* Build configuration list for PBXNativeTarget "Pet SemataryUITests" */ = {
			isa = XCConfigurationList;
			buildConfigurations = (
				1F243ACD29B085ED00AFAFBE /* Debug */,
				1F243ACE29B085ED00AFAFBE /* Release */,
			);
			defaultConfigurationIsVisible = 0;
			defaultConfigurationName = Release;
		};
/* End XCConfigurationList section */
	};
	rootObject = 1F243A9429B085EB00AFAFBE /* Project object */;
}
